
Microsoft Visual Studio Solution File, Format Version 12.00
# Visual Studio Version 17
VisualStudioVersion = 17.4.33205.214
MinimumVisualStudioVersion = 10.0.40219.1
Project("{9A19103F-16F7-4668-BE54-9A1E7A4F7556}") = "Opashka", "Opashka\Opashka.csproj", "{A53D295E-3EF8-42DB-B3A5-63AF41B4D4A0}"
EndProject
Project("{FAE04EC0-301F-11D3-BF4B-00C04F79EFBC}") = "ConsoleApp1", "ConsoleApp1\ConsoleApp1.csproj", "{1DA6E860-42D9-4D65-908D-A85A262CC791}"
EndProject
Global
	GlobalSection(SolutionConfigurationPlatforms) = preSolution
		Debug|Any CPU = Debug|Any CPU
		Release|Any CPU = Release|Any CPU
	EndGlobalSection
	GlobalSection(ProjectConfigurationPlatforms) = postSolution
		{A53D295E-3EF8-42DB-B3A5-63AF41B4D4A0}.Debug|Any CPU.ActiveCfg = Debug|Any CPU
		{A53D295E-3EF8-42DB-B3A5-63AF41B4D4A0}.Debug|Any CPU.Build.0 = Debug|Any CPU
		{A53D295E-3EF8-42DB-B3A5-63AF41B4D4A0}.Release|Any CPU.ActiveCfg = Release|Any CPU
		{A53D295E-3EF8-42DB-B3A5-63AF41B4D4A0}.Release|Any CPU.Build.0 = Release|Any CPU
		{1DA6E860-42D9-4D65-908D-A85A262CC791}.Debug|Any CPU.ActiveCfg = Debug|Any CPU
		{1DA6E860-42D9-4D65-908D-A85A262CC791}.Debug|Any CPU.Build.0 = Debug|Any CPU
		{1DA6E860-42D9-4D65-908D-A85A262CC791}.Release|Any CPU.ActiveCfg = Release|Any CPU
		{1DA6E860-42D9-4D65-908D-A85A262CC791}.Release|Any CPU.Build.0 = Release|Any CPU
	EndGlobalSection
	GlobalSection(SolutionProperties) = preSolution
		HideSolutionNode = FALSE
	EndGlobalSection
	GlobalSection(ExtensibilityGlobals) = postSolution
		SolutionGuid = {74D03E80-D4A3-45DC-9CD1-8AB9DA4CE7FF}
	EndGlobalSection
EndGlobal
