
Microsoft Visual Studio Solution File, Format Version 12.00
# Visual Studio Version 17
VisualStudioVersion = 17.4.33205.214
MinimumVisualStudioVersion = 10.0.40219.1
Project("{9A19103F-16F7-4668-BE54-9A1E7A4F7556}") = "00_Pechat", "00_Pechat\00_Pechat.csproj", "{FB814F11-10AA-4AF7-A1FB-099A1B0F0A99}"
EndProject
Project("{9A19103F-16F7-4668-BE54-9A1E7A4F7556}") = "01_Pechat_Stapka", "01_Pechat_Stapka\01_Pechat_Stapka.csproj", "{FA10FB2A-51EF-4128-8D25-4E5747326D3C}"
EndProject
Project("{9A19103F-16F7-4668-BE54-9A1E7A4F7556}") = "02_Sum", "02_Sum\02_Sum.csproj", "{C8BB498F-BEA7-42C6-B768-15C17B1CC163}"
EndProject
Project("{9A19103F-16F7-4668-BE54-9A1E7A4F7556}") = "03_Proizvedenie", "03_Proizvedenie\03_Proizvedenie.csproj", "{A32FC0CD-6CD3-4A24-8349-8A0660DF0110}"
EndProject
Project("{9A19103F-16F7-4668-BE54-9A1E7A4F7556}") = "04_PrintAlphabet", "04_PrintAlphabet\04_PrintAlphabet.csproj", "{49722202-7D68-4CEB-823B-E45255ADA0C5}"
EndProject
Project("{9A19103F-16F7-4668-BE54-9A1E7A4F7556}") = "05_PrintAlphabet_ASSCI", "05_PrintAlphabet_ASSCI\05_PrintAlphabet_ASSCI.csproj", "{7775418C-70FC-470D-BFFA-45555D923E03}"
EndProject
Project("{9A19103F-16F7-4668-BE54-9A1E7A4F7556}") = "06_Print_Revers", "06_Print_Revers\06_Print_Revers.csproj", "{D28FDBE6-D057-476F-B217-358A6FD0EAB6}"
EndProject
Project("{9A19103F-16F7-4668-BE54-9A1E7A4F7556}") = "07_PrintWord", "07_PrintWord\07_PrintWord.csproj", "{2DB54AAB-BD73-4140-BF02-E8320D3A6883}"
EndProject
Project("{9A19103F-16F7-4668-BE54-9A1E7A4F7556}") = "08_SborGlasni", "08_SborGlasni\08_SborGlasni.csproj", "{53CF576C-1C16-4B5B-8624-8B0FC48C8E51}"
EndProject
Project("{9A19103F-16F7-4668-BE54-9A1E7A4F7556}") = "09_SborChetni", "09_SborChetni\09_SborChetni.csproj", "{9934985A-793C-49E7-A6F6-666666A58EA2}"
EndProject
Project("{9A19103F-16F7-4668-BE54-9A1E7A4F7556}") = "10_SumEnd_Of_7", "10_SumEnd_Of_7\10_SumEnd_Of_7.csproj", "{A4C207E7-6987-4C52-A6E5-1B9E1383DC4D}"
EndProject
Project("{9A19103F-16F7-4668-BE54-9A1E7A4F7556}") = "11_SumN_Chilsa", "11_SumN_Chilsa\11_SumN_Chilsa.csproj", "{0804F0E6-829E-416C-8DDB-6EFC909B40AF}"
EndProject
Project("{9A19103F-16F7-4668-BE54-9A1E7A4F7556}") = "12_PrintMax", "12_PrintMax\12_PrintMax.csproj", "{9FDBB4D3-AE6B-4EE7-B03A-CC78BA37FD18}"
EndProject
Project("{9A19103F-16F7-4668-BE54-9A1E7A4F7556}") = "13_PrintMin", "13_PrintMin\13_PrintMin.csproj", "{5CC179DB-4A61-4EAE-996D-3BF527F33BEC}"
EndProject
Project("{9A19103F-16F7-4668-BE54-9A1E7A4F7556}") = "Tema14_Zad2", "Tema14_Zad2\Tema14_Zad2.csproj", "{A99A7422-4DF2-43ED-920B-80D604B92008}"
EndProject
Project("{9A19103F-16F7-4668-BE54-9A1E7A4F7556}") = "Tema14_Zad5", "Tema14_Zad5\Tema14_Zad5.csproj", "{FD5F9A66-039E-470F-B0A6-50D075772D8C}"
EndProject
Project("{FAE04EC0-301F-11D3-BF4B-00C04F79EFBC}") = "14_Stepen2", "14_Stepen2\14_Stepen2.csproj", "{883C0316-2C80-4F51-B99A-5A5C836715A3}"
EndProject
Project("{FAE04EC0-301F-11D3-BF4B-00C04F79EFBC}") = "15_2_NaStepen_N", "15_2_NaStepen_N\15_2_NaStepen_N.csproj", "{5C25E8A7-E111-4510-88C5-B72F175360A9}"
EndProject
Global
	GlobalSection(SolutionConfigurationPlatforms) = preSolution
		Debug|Any CPU = Debug|Any CPU
		Release|Any CPU = Release|Any CPU
	EndGlobalSection
	GlobalSection(ProjectConfigurationPlatforms) = postSolution
		{FB814F11-10AA-4AF7-A1FB-099A1B0F0A99}.Debug|Any CPU.ActiveCfg = Debug|Any CPU
		{FB814F11-10AA-4AF7-A1FB-099A1B0F0A99}.Debug|Any CPU.Build.0 = Debug|Any CPU
		{FB814F11-10AA-4AF7-A1FB-099A1B0F0A99}.Release|Any CPU.ActiveCfg = Release|Any CPU
		{FB814F11-10AA-4AF7-A1FB-099A1B0F0A99}.Release|Any CPU.Build.0 = Release|Any CPU
		{FA10FB2A-51EF-4128-8D25-4E5747326D3C}.Debug|Any CPU.ActiveCfg = Debug|Any CPU
		{FA10FB2A-51EF-4128-8D25-4E5747326D3C}.Debug|Any CPU.Build.0 = Debug|Any CPU
		{FA10FB2A-51EF-4128-8D25-4E5747326D3C}.Release|Any CPU.ActiveCfg = Release|Any CPU
		{FA10FB2A-51EF-4128-8D25-4E5747326D3C}.Release|Any CPU.Build.0 = Release|Any CPU
		{C8BB498F-BEA7-42C6-B768-15C17B1CC163}.Debug|Any CPU.ActiveCfg = Debug|Any CPU
		{C8BB498F-BEA7-42C6-B768-15C17B1CC163}.Debug|Any CPU.Build.0 = Debug|Any CPU
		{C8BB498F-BEA7-42C6-B768-15C17B1CC163}.Release|Any CPU.ActiveCfg = Release|Any CPU
		{C8BB498F-BEA7-42C6-B768-15C17B1CC163}.Release|Any CPU.Build.0 = Release|Any CPU
		{A32FC0CD-6CD3-4A24-8349-8A0660DF0110}.Debug|Any CPU.ActiveCfg = Debug|Any CPU
		{A32FC0CD-6CD3-4A24-8349-8A0660DF0110}.Debug|Any CPU.Build.0 = Debug|Any CPU
		{A32FC0CD-6CD3-4A24-8349-8A0660DF0110}.Release|Any CPU.ActiveCfg = Release|Any CPU
		{A32FC0CD-6CD3-4A24-8349-8A0660DF0110}.Release|Any CPU.Build.0 = Release|Any CPU
		{49722202-7D68-4CEB-823B-E45255ADA0C5}.Debug|Any CPU.ActiveCfg = Debug|Any CPU
		{49722202-7D68-4CEB-823B-E45255ADA0C5}.Debug|Any CPU.Build.0 = Debug|Any CPU
		{49722202-7D68-4CEB-823B-E45255ADA0C5}.Release|Any CPU.ActiveCfg = Release|Any CPU
		{49722202-7D68-4CEB-823B-E45255ADA0C5}.Release|Any CPU.Build.0 = Release|Any CPU
		{7775418C-70FC-470D-BFFA-45555D923E03}.Debug|Any CPU.ActiveCfg = Debug|Any CPU
		{7775418C-70FC-470D-BFFA-45555D923E03}.Debug|Any CPU.Build.0 = Debug|Any CPU
		{7775418C-70FC-470D-BFFA-45555D923E03}.Release|Any CPU.ActiveCfg = Release|Any CPU
		{7775418C-70FC-470D-BFFA-45555D923E03}.Release|Any CPU.Build.0 = Release|Any CPU
		{D28FDBE6-D057-476F-B217-358A6FD0EAB6}.Debug|Any CPU.ActiveCfg = Debug|Any CPU
		{D28FDBE6-D057-476F-B217-358A6FD0EAB6}.Debug|Any CPU.Build.0 = Debug|Any CPU
		{D28FDBE6-D057-476F-B217-358A6FD0EAB6}.Release|Any CPU.ActiveCfg = Release|Any CPU
		{D28FDBE6-D057-476F-B217-358A6FD0EAB6}.Release|Any CPU.Build.0 = Release|Any CPU
		{2DB54AAB-BD73-4140-BF02-E8320D3A6883}.Debug|Any CPU.ActiveCfg = Debug|Any CPU
		{2DB54AAB-BD73-4140-BF02-E8320D3A6883}.Debug|Any CPU.Build.0 = Debug|Any CPU
		{2DB54AAB-BD73-4140-BF02-E8320D3A6883}.Release|Any CPU.ActiveCfg = Release|Any CPU
		{2DB54AAB-BD73-4140-BF02-E8320D3A6883}.Release|Any CPU.Build.0 = Release|Any CPU
		{53CF576C-1C16-4B5B-8624-8B0FC48C8E51}.Debug|Any CPU.ActiveCfg = Debug|Any CPU
		{53CF576C-1C16-4B5B-8624-8B0FC48C8E51}.Debug|Any CPU.Build.0 = Debug|Any CPU
		{53CF576C-1C16-4B5B-8624-8B0FC48C8E51}.Release|Any CPU.ActiveCfg = Release|Any CPU
		{53CF576C-1C16-4B5B-8624-8B0FC48C8E51}.Release|Any CPU.Build.0 = Release|Any CPU
		{9934985A-793C-49E7-A6F6-666666A58EA2}.Debug|Any CPU.ActiveCfg = Debug|Any CPU
		{9934985A-793C-49E7-A6F6-666666A58EA2}.Debug|Any CPU.Build.0 = Debug|Any CPU
		{9934985A-793C-49E7-A6F6-666666A58EA2}.Release|Any CPU.ActiveCfg = Release|Any CPU
		{9934985A-793C-49E7-A6F6-666666A58EA2}.Release|Any CPU.Build.0 = Release|Any CPU
		{A4C207E7-6987-4C52-A6E5-1B9E1383DC4D}.Debug|Any CPU.ActiveCfg = Debug|Any CPU
		{A4C207E7-6987-4C52-A6E5-1B9E1383DC4D}.Debug|Any CPU.Build.0 = Debug|Any CPU
		{A4C207E7-6987-4C52-A6E5-1B9E1383DC4D}.Release|Any CPU.ActiveCfg = Release|Any CPU
		{A4C207E7-6987-4C52-A6E5-1B9E1383DC4D}.Release|Any CPU.Build.0 = Release|Any CPU
		{0804F0E6-829E-416C-8DDB-6EFC909B40AF}.Debug|Any CPU.ActiveCfg = Debug|Any CPU
		{0804F0E6-829E-416C-8DDB-6EFC909B40AF}.Debug|Any CPU.Build.0 = Debug|Any CPU
		{0804F0E6-829E-416C-8DDB-6EFC909B40AF}.Release|Any CPU.ActiveCfg = Release|Any CPU
		{0804F0E6-829E-416C-8DDB-6EFC909B40AF}.Release|Any CPU.Build.0 = Release|Any CPU
		{9FDBB4D3-AE6B-4EE7-B03A-CC78BA37FD18}.Debug|Any CPU.ActiveCfg = Debug|Any CPU
		{9FDBB4D3-AE6B-4EE7-B03A-CC78BA37FD18}.Debug|Any CPU.Build.0 = Debug|Any CPU
		{9FDBB4D3-AE6B-4EE7-B03A-CC78BA37FD18}.Release|Any CPU.ActiveCfg = Release|Any CPU
		{9FDBB4D3-AE6B-4EE7-B03A-CC78BA37FD18}.Release|Any CPU.Build.0 = Release|Any CPU
		{5CC179DB-4A61-4EAE-996D-3BF527F33BEC}.Debug|Any CPU.ActiveCfg = Debug|Any CPU
		{5CC179DB-4A61-4EAE-996D-3BF527F33BEC}.Debug|Any CPU.Build.0 = Debug|Any CPU
		{5CC179DB-4A61-4EAE-996D-3BF527F33BEC}.Release|Any CPU.ActiveCfg = Release|Any CPU
		{5CC179DB-4A61-4EAE-996D-3BF527F33BEC}.Release|Any CPU.Build.0 = Release|Any CPU
		{A99A7422-4DF2-43ED-920B-80D604B92008}.Debug|Any CPU.ActiveCfg = Debug|Any CPU
		{A99A7422-4DF2-43ED-920B-80D604B92008}.Debug|Any CPU.Build.0 = Debug|Any CPU
		{A99A7422-4DF2-43ED-920B-80D604B92008}.Release|Any CPU.ActiveCfg = Release|Any CPU
		{A99A7422-4DF2-43ED-920B-80D604B92008}.Release|Any CPU.Build.0 = Release|Any CPU
		{FD5F9A66-039E-470F-B0A6-50D075772D8C}.Debug|Any CPU.ActiveCfg = Debug|Any CPU
		{FD5F9A66-039E-470F-B0A6-50D075772D8C}.Debug|Any CPU.Build.0 = Debug|Any CPU
		{FD5F9A66-039E-470F-B0A6-50D075772D8C}.Release|Any CPU.ActiveCfg = Release|Any CPU
		{FD5F9A66-039E-470F-B0A6-50D075772D8C}.Release|Any CPU.Build.0 = Release|Any CPU
		{883C0316-2C80-4F51-B99A-5A5C836715A3}.Debug|Any CPU.ActiveCfg = Debug|Any CPU
		{883C0316-2C80-4F51-B99A-5A5C836715A3}.Debug|Any CPU.Build.0 = Debug|Any CPU
		{883C0316-2C80-4F51-B99A-5A5C836715A3}.Release|Any CPU.ActiveCfg = Release|Any CPU
		{883C0316-2C80-4F51-B99A-5A5C836715A3}.Release|Any CPU.Build.0 = Release|Any CPU
		{5C25E8A7-E111-4510-88C5-B72F175360A9}.Debug|Any CPU.ActiveCfg = Debug|Any CPU
		{5C25E8A7-E111-4510-88C5-B72F175360A9}.Debug|Any CPU.Build.0 = Debug|Any CPU
		{5C25E8A7-E111-4510-88C5-B72F175360A9}.Release|Any CPU.ActiveCfg = Release|Any CPU
		{5C25E8A7-E111-4510-88C5-B72F175360A9}.Release|Any CPU.Build.0 = Release|Any CPU
	EndGlobalSection
	GlobalSection(SolutionProperties) = preSolution
		HideSolutionNode = FALSE
	EndGlobalSection
	GlobalSection(ExtensibilityGlobals) = postSolution
		SolutionGuid = {03A883BA-D79A-4594-A5F0-0763EBD9393F}
	EndGlobalSection
EndGlobal
