
Microsoft Visual Studio Solution File, Format Version 12.00
# Visual Studio Version 17
VisualStudioVersion = 17.4.33205.214
MinimumVisualStudioVersion = 10.0.40219.1
Project("{9A19103F-16F7-4668-BE54-9A1E7A4F7556}") = "Miniory", "Miniory\Miniory.csproj", "{4C2010A8-CF2D-49AF-8507-0BF71655B782}"
EndProject
Project("{9A19103F-16F7-4668-BE54-9A1E7A4F7556}") = "Odd String", "Odd String\Odd String.csproj", "{19829EAF-F4B9-48CB-898B-B90D47F43E3B}"
EndProject
Project("{FAE04EC0-301F-11D3-BF4B-00C04F79EFBC}") = "Phonebook", "Phonebook\Phonebook.csproj", "{DEBD048E-27E2-4133-AD4C-603A46F85566}"
EndProject
Project("{FAE04EC0-301F-11D3-BF4B-00C04F79EFBC}") = "Supermarket", "Supermarket\Supermarket.csproj", "{0C1182EB-8824-45E2-B300-718363D0ACD8}"
EndProject
Global
	GlobalSection(SolutionConfigurationPlatforms) = preSolution
		Debug|Any CPU = Debug|Any CPU
		Release|Any CPU = Release|Any CPU
	EndGlobalSection
	GlobalSection(ProjectConfigurationPlatforms) = postSolution
		{4C2010A8-CF2D-49AF-8507-0BF71655B782}.Debug|Any CPU.ActiveCfg = Debug|Any CPU
		{4C2010A8-CF2D-49AF-8507-0BF71655B782}.Debug|Any CPU.Build.0 = Debug|Any CPU
		{4C2010A8-CF2D-49AF-8507-0BF71655B782}.Release|Any CPU.ActiveCfg = Release|Any CPU
		{4C2010A8-CF2D-49AF-8507-0BF71655B782}.Release|Any CPU.Build.0 = Release|Any CPU
		{19829EAF-F4B9-48CB-898B-B90D47F43E3B}.Debug|Any CPU.ActiveCfg = Debug|Any CPU
		{19829EAF-F4B9-48CB-898B-B90D47F43E3B}.Debug|Any CPU.Build.0 = Debug|Any CPU
		{19829EAF-F4B9-48CB-898B-B90D47F43E3B}.Release|Any CPU.ActiveCfg = Release|Any CPU
		{19829EAF-F4B9-48CB-898B-B90D47F43E3B}.Release|Any CPU.Build.0 = Release|Any CPU
		{DEBD048E-27E2-4133-AD4C-603A46F85566}.Debug|Any CPU.ActiveCfg = Debug|Any CPU
		{DEBD048E-27E2-4133-AD4C-603A46F85566}.Debug|Any CPU.Build.0 = Debug|Any CPU
		{DEBD048E-27E2-4133-AD4C-603A46F85566}.Release|Any CPU.ActiveCfg = Release|Any CPU
		{DEBD048E-27E2-4133-AD4C-603A46F85566}.Release|Any CPU.Build.0 = Release|Any CPU
		{0C1182EB-8824-45E2-B300-718363D0ACD8}.Debug|Any CPU.ActiveCfg = Debug|Any CPU
		{0C1182EB-8824-45E2-B300-718363D0ACD8}.Debug|Any CPU.Build.0 = Debug|Any CPU
		{0C1182EB-8824-45E2-B300-718363D0ACD8}.Release|Any CPU.ActiveCfg = Release|Any CPU
		{0C1182EB-8824-45E2-B300-718363D0ACD8}.Release|Any CPU.Build.0 = Release|Any CPU
	EndGlobalSection
	GlobalSection(SolutionProperties) = preSolution
		HideSolutionNode = FALSE
	EndGlobalSection
	GlobalSection(ExtensibilityGlobals) = postSolution
		SolutionGuid = {EE0B0AE3-B50C-4037-9E2A-82FADBE20F68}
	EndGlobalSection
EndGlobal
