
Microsoft Visual Studio Solution File, Format Version 12.00
# Visual Studio Version 17
VisualStudioVersion = 17.9.34723.18
MinimumVisualStudioVersion = 10.0.40219.1
Project("{FAE04EC0-301F-11D3-BF4B-00C04F79EFBC}") = "P01_Sum", "P01_Sum\P01_Sum.csproj", "{BB05B593-A4A0-48B8-8748-1C4C7F881D65}"
EndProject
Project("{FAE04EC0-301F-11D3-BF4B-00C04F79EFBC}") = "P02_Umnojenie", "P02_Umnojenie\P02_Umnojenie.csproj", "{6F6A943B-D9DF-449B-9174-89546F883C03}"
EndProject
Project("{FAE04EC0-301F-11D3-BF4B-00C04F79EFBC}") = "P03_Max", "P03_Max\P03_Max.csproj", "{CCA760FA-9F0F-4BEB-9761-5E825B99E32A}"
EndProject
Project("{FAE04EC0-301F-11D3-BF4B-00C04F79EFBC}") = "P04_SumParametar", "P04_SumParametar\P04_SumParametar.csproj", "{A9D76231-B1FB-4475-8C48-0698C7DD0A9D}"
EndProject
Project("{FAE04EC0-301F-11D3-BF4B-00C04F79EFBC}") = "P05_PrintNumber_M_N", "P05_PrintNumber_M_N\P05_PrintNumber_M_N.csproj", "{FA02995A-9B4A-43E4-9E59-1903B2E63055}"
EndProject
Global
	GlobalSection(SolutionConfigurationPlatforms) = preSolution
		Debug|Any CPU = Debug|Any CPU
		Release|Any CPU = Release|Any CPU
	EndGlobalSection
	GlobalSection(ProjectConfigurationPlatforms) = postSolution
		{BB05B593-A4A0-48B8-8748-1C4C7F881D65}.Debug|Any CPU.ActiveCfg = Debug|Any CPU
		{BB05B593-A4A0-48B8-8748-1C4C7F881D65}.Debug|Any CPU.Build.0 = Debug|Any CPU
		{BB05B593-A4A0-48B8-8748-1C4C7F881D65}.Release|Any CPU.ActiveCfg = Release|Any CPU
		{BB05B593-A4A0-48B8-8748-1C4C7F881D65}.Release|Any CPU.Build.0 = Release|Any CPU
		{6F6A943B-D9DF-449B-9174-89546F883C03}.Debug|Any CPU.ActiveCfg = Debug|Any CPU
		{6F6A943B-D9DF-449B-9174-89546F883C03}.Debug|Any CPU.Build.0 = Debug|Any CPU
		{6F6A943B-D9DF-449B-9174-89546F883C03}.Release|Any CPU.ActiveCfg = Release|Any CPU
		{6F6A943B-D9DF-449B-9174-89546F883C03}.Release|Any CPU.Build.0 = Release|Any CPU
		{CCA760FA-9F0F-4BEB-9761-5E825B99E32A}.Debug|Any CPU.ActiveCfg = Debug|Any CPU
		{CCA760FA-9F0F-4BEB-9761-5E825B99E32A}.Debug|Any CPU.Build.0 = Debug|Any CPU
		{CCA760FA-9F0F-4BEB-9761-5E825B99E32A}.Release|Any CPU.ActiveCfg = Release|Any CPU
		{CCA760FA-9F0F-4BEB-9761-5E825B99E32A}.Release|Any CPU.Build.0 = Release|Any CPU
		{A9D76231-B1FB-4475-8C48-0698C7DD0A9D}.Debug|Any CPU.ActiveCfg = Debug|Any CPU
		{A9D76231-B1FB-4475-8C48-0698C7DD0A9D}.Debug|Any CPU.Build.0 = Debug|Any CPU
		{A9D76231-B1FB-4475-8C48-0698C7DD0A9D}.Release|Any CPU.ActiveCfg = Release|Any CPU
		{A9D76231-B1FB-4475-8C48-0698C7DD0A9D}.Release|Any CPU.Build.0 = Release|Any CPU
		{FA02995A-9B4A-43E4-9E59-1903B2E63055}.Debug|Any CPU.ActiveCfg = Debug|Any CPU
		{FA02995A-9B4A-43E4-9E59-1903B2E63055}.Debug|Any CPU.Build.0 = Debug|Any CPU
		{FA02995A-9B4A-43E4-9E59-1903B2E63055}.Release|Any CPU.ActiveCfg = Release|Any CPU
		{FA02995A-9B4A-43E4-9E59-1903B2E63055}.Release|Any CPU.Build.0 = Release|Any CPU
	EndGlobalSection
	GlobalSection(SolutionProperties) = preSolution
		HideSolutionNode = FALSE
	EndGlobalSection
	GlobalSection(ExtensibilityGlobals) = postSolution
		SolutionGuid = {2C624247-A5DF-4D48-B6C6-C34196FA2157}
	EndGlobalSection
EndGlobal
