
Microsoft Visual Studio Solution File, Format Version 12.00
# Visual Studio Version 17
VisualStudioVersion = 17.4.33205.214
MinimumVisualStudioVersion = 10.0.40219.1
Project("{FAE04EC0-301F-11D3-BF4B-00C04F79EFBC}") = "Zad1", "Zad1\Zad1.csproj", "{F0993E36-94A8-485F-9636-DE76469BC466}"
EndProject
Project("{FAE04EC0-301F-11D3-BF4B-00C04F79EFBC}") = "Zad2", "Zad2\Zad2.csproj", "{396AC394-CB90-4E31-A45F-95DAF1DF81D5}"
EndProject
Project("{FAE04EC0-301F-11D3-BF4B-00C04F79EFBC}") = "Zad3", "Zad3\Zad3.csproj", "{ED06A81D-8D48-4397-A964-C631316D0B5B}"
EndProject
Project("{FAE04EC0-301F-11D3-BF4B-00C04F79EFBC}") = "Zad4", "Zad4\Zad4.csproj", "{081CECBC-8956-4CF1-9F81-D22D3686FA14}"
EndProject
Global
	GlobalSection(SolutionConfigurationPlatforms) = preSolution
		Debug|Any CPU = Debug|Any CPU
		Release|Any CPU = Release|Any CPU
	EndGlobalSection
	GlobalSection(ProjectConfigurationPlatforms) = postSolution
		{F0993E36-94A8-485F-9636-DE76469BC466}.Debug|Any CPU.ActiveCfg = Debug|Any CPU
		{F0993E36-94A8-485F-9636-DE76469BC466}.Debug|Any CPU.Build.0 = Debug|Any CPU
		{F0993E36-94A8-485F-9636-DE76469BC466}.Release|Any CPU.ActiveCfg = Release|Any CPU
		{F0993E36-94A8-485F-9636-DE76469BC466}.Release|Any CPU.Build.0 = Release|Any CPU
		{396AC394-CB90-4E31-A45F-95DAF1DF81D5}.Debug|Any CPU.ActiveCfg = Debug|Any CPU
		{396AC394-CB90-4E31-A45F-95DAF1DF81D5}.Debug|Any CPU.Build.0 = Debug|Any CPU
		{396AC394-CB90-4E31-A45F-95DAF1DF81D5}.Release|Any CPU.ActiveCfg = Release|Any CPU
		{396AC394-CB90-4E31-A45F-95DAF1DF81D5}.Release|Any CPU.Build.0 = Release|Any CPU
		{ED06A81D-8D48-4397-A964-C631316D0B5B}.Debug|Any CPU.ActiveCfg = Debug|Any CPU
		{ED06A81D-8D48-4397-A964-C631316D0B5B}.Debug|Any CPU.Build.0 = Debug|Any CPU
		{ED06A81D-8D48-4397-A964-C631316D0B5B}.Release|Any CPU.ActiveCfg = Release|Any CPU
		{ED06A81D-8D48-4397-A964-C631316D0B5B}.Release|Any CPU.Build.0 = Release|Any CPU
		{081CECBC-8956-4CF1-9F81-D22D3686FA14}.Debug|Any CPU.ActiveCfg = Debug|Any CPU
		{081CECBC-8956-4CF1-9F81-D22D3686FA14}.Debug|Any CPU.Build.0 = Debug|Any CPU
		{081CECBC-8956-4CF1-9F81-D22D3686FA14}.Release|Any CPU.ActiveCfg = Release|Any CPU
		{081CECBC-8956-4CF1-9F81-D22D3686FA14}.Release|Any CPU.Build.0 = Release|Any CPU
	EndGlobalSection
	GlobalSection(SolutionProperties) = preSolution
		HideSolutionNode = FALSE
	EndGlobalSection
	GlobalSection(ExtensibilityGlobals) = postSolution
		SolutionGuid = {2186F5E3-943A-4C07-8D0B-DA8BCCA582CE}
	EndGlobalSection
EndGlobal
