
Microsoft Visual Studio Solution File, Format Version 12.00
# Visual Studio Version 17
VisualStudioVersion = 17.4.33205.214
MinimumVisualStudioVersion = 10.0.40219.1
Project("{FAE04EC0-301F-11D3-BF4B-00C04F79EFBC}") = "ConsoleApp1", "ConsoleApp1\ConsoleApp1.csproj", "{9EDE7373-9791-4CD2-AA3E-A15F77D6016A}"
EndProject
Global
	GlobalSection(SolutionConfigurationPlatforms) = preSolution
		Debug|Any CPU = Debug|Any CPU
		Release|Any CPU = Release|Any CPU
	EndGlobalSection
	GlobalSection(ProjectConfigurationPlatforms) = postSolution
		{9EDE7373-9791-4CD2-AA3E-A15F77D6016A}.Debug|Any CPU.ActiveCfg = Debug|Any CPU
		{9EDE7373-9791-4CD2-AA3E-A15F77D6016A}.Debug|Any CPU.Build.0 = Debug|Any CPU
		{9EDE7373-9791-4CD2-AA3E-A15F77D6016A}.Release|Any CPU.ActiveCfg = Release|Any CPU
		{9EDE7373-9791-4CD2-AA3E-A15F77D6016A}.Release|Any CPU.Build.0 = Release|Any CPU
	EndGlobalSection
	GlobalSection(SolutionProperties) = preSolution
		HideSolutionNode = FALSE
	EndGlobalSection
	GlobalSection(ExtensibilityGlobals) = postSolution
		SolutionGuid = {117023BF-53BC-4E02-87F5-0934E35EB2AA}
	EndGlobalSection
EndGlobal
