
Microsoft Visual Studio Solution File, Format Version 12.00
# Visual Studio Version 17
VisualStudioVersion = 17.4.33205.214
MinimumVisualStudioVersion = 10.0.40219.1
Project("{FAE04EC0-301F-11D3-BF4B-00C04F79EFBC}") = "Demo", "Demo\Demo.csproj", "{EB89865C-D17E-42AC-94D7-E7F3D0B743BD}"
EndProject
Project("{FAE04EC0-301F-11D3-BF4B-00C04F79EFBC}") = "Print_1_n", "Print_1_n\Print_1_n.csproj", "{CAA1D388-32B9-4312-9AC8-84F24B48D967}"
EndProject
Project("{FAE04EC0-301F-11D3-BF4B-00C04F79EFBC}") = "5w_1_ProverkaChislo", "5w_1_ProverkaChislo\5w_1_ProverkaChislo.csproj", "{50857983-52AB-4FA0-819B-478ECA1FB062}"
EndProject
Project("{FAE04EC0-301F-11D3-BF4B-00C04F79EFBC}") = "5w_1_ProverkaChislo1", "5w_1_ProverkaChislo1\5w_1_ProverkaChislo1.csproj", "{9B73A2C7-AA03-4819-B63C-1CB9D21A501B}"
EndProject
Project("{FAE04EC0-301F-11D3-BF4B-00C04F79EFBC}") = "5w_2_Password", "5w_2_Password\5w_2_Password.csproj", "{6E26B2E6-18CB-427E-BFCE-24952EEEE327}"
EndProject
Global
	GlobalSection(SolutionConfigurationPlatforms) = preSolution
		Debug|Any CPU = Debug|Any CPU
		Release|Any CPU = Release|Any CPU
	EndGlobalSection
	GlobalSection(ProjectConfigurationPlatforms) = postSolution
		{EB89865C-D17E-42AC-94D7-E7F3D0B743BD}.Debug|Any CPU.ActiveCfg = Debug|Any CPU
		{EB89865C-D17E-42AC-94D7-E7F3D0B743BD}.Debug|Any CPU.Build.0 = Debug|Any CPU
		{EB89865C-D17E-42AC-94D7-E7F3D0B743BD}.Release|Any CPU.ActiveCfg = Release|Any CPU
		{EB89865C-D17E-42AC-94D7-E7F3D0B743BD}.Release|Any CPU.Build.0 = Release|Any CPU
		{CAA1D388-32B9-4312-9AC8-84F24B48D967}.Debug|Any CPU.ActiveCfg = Debug|Any CPU
		{CAA1D388-32B9-4312-9AC8-84F24B48D967}.Debug|Any CPU.Build.0 = Debug|Any CPU
		{CAA1D388-32B9-4312-9AC8-84F24B48D967}.Release|Any CPU.ActiveCfg = Release|Any CPU
		{CAA1D388-32B9-4312-9AC8-84F24B48D967}.Release|Any CPU.Build.0 = Release|Any CPU
		{50857983-52AB-4FA0-819B-478ECA1FB062}.Debug|Any CPU.ActiveCfg = Debug|Any CPU
		{50857983-52AB-4FA0-819B-478ECA1FB062}.Debug|Any CPU.Build.0 = Debug|Any CPU
		{50857983-52AB-4FA0-819B-478ECA1FB062}.Release|Any CPU.ActiveCfg = Release|Any CPU
		{50857983-52AB-4FA0-819B-478ECA1FB062}.Release|Any CPU.Build.0 = Release|Any CPU
		{9B73A2C7-AA03-4819-B63C-1CB9D21A501B}.Debug|Any CPU.ActiveCfg = Debug|Any CPU
		{9B73A2C7-AA03-4819-B63C-1CB9D21A501B}.Debug|Any CPU.Build.0 = Debug|Any CPU
		{9B73A2C7-AA03-4819-B63C-1CB9D21A501B}.Release|Any CPU.ActiveCfg = Release|Any CPU
		{9B73A2C7-AA03-4819-B63C-1CB9D21A501B}.Release|Any CPU.Build.0 = Release|Any CPU
		{6E26B2E6-18CB-427E-BFCE-24952EEEE327}.Debug|Any CPU.ActiveCfg = Debug|Any CPU
		{6E26B2E6-18CB-427E-BFCE-24952EEEE327}.Debug|Any CPU.Build.0 = Debug|Any CPU
		{6E26B2E6-18CB-427E-BFCE-24952EEEE327}.Release|Any CPU.ActiveCfg = Release|Any CPU
		{6E26B2E6-18CB-427E-BFCE-24952EEEE327}.Release|Any CPU.Build.0 = Release|Any CPU
	EndGlobalSection
	GlobalSection(SolutionProperties) = preSolution
		HideSolutionNode = FALSE
	EndGlobalSection
	GlobalSection(ExtensibilityGlobals) = postSolution
		SolutionGuid = {F4A8EBB4-E811-4CBA-B67E-74F4E06884B6}
	EndGlobalSection
EndGlobal
