
Microsoft Visual Studio Solution File, Format Version 12.00
# Visual Studio Version 17
VisualStudioVersion = 17.4.33205.214
MinimumVisualStudioVersion = 10.0.40219.1
Project("{FAE04EC0-301F-11D3-BF4B-00C04F79EFBC}") = "WebEventuresUser", "WebEventuresUser\WebEventuresUser.csproj", "{9A780F0D-466B-4BFC-ABD8-904FA468C198}"
EndProject
Global
	GlobalSection(SolutionConfigurationPlatforms) = preSolution
		Debug|Any CPU = Debug|Any CPU
		Release|Any CPU = Release|Any CPU
	EndGlobalSection
	GlobalSection(ProjectConfigurationPlatforms) = postSolution
		{9A780F0D-466B-4BFC-ABD8-904FA468C198}.Debug|Any CPU.ActiveCfg = Debug|Any CPU
		{9A780F0D-466B-4BFC-ABD8-904FA468C198}.Debug|Any CPU.Build.0 = Debug|Any CPU
		{9A780F0D-466B-4BFC-ABD8-904FA468C198}.Release|Any CPU.ActiveCfg = Release|Any CPU
		{9A780F0D-466B-4BFC-ABD8-904FA468C198}.Release|Any CPU.Build.0 = Release|Any CPU
	EndGlobalSection
	GlobalSection(SolutionProperties) = preSolution
		HideSolutionNode = FALSE
	EndGlobalSection
	GlobalSection(ExtensibilityGlobals) = postSolution
		SolutionGuid = {23060E09-7255-46C2-ACFC-576827608407}
	EndGlobalSection
EndGlobal
